Microsoft Visual Studio Solution File, Format Version 12.00
# Visual Studio Version 16
VisualStudioVersion = 16.0.30503.244
MinimumVisualStudioVersion = 15.0.26124.0
Project("{2150E333-8FDC-42A3-9474-1A3956D46DE8}") = "src", "src", "{C397A34C-84F1-49E7-AEBC-2F9F2B196216}"
EndProject
Project("{6EC3EE1D-3C4E-46DD-8F32-0CC8E7565705}") = "SPbU-hometask", "src\SPbU-hometask\SPbU-hometask.fsproj", "{5D30E174-2538-47AC-8443-318C8C5DC2C9}"
EndProject
Project("{2150E333-8FDC-42A3-9474-1A3956D46DE8}") = "tests", "tests", "{ACBEE43C-7A88-4FB1-9B06-DB064D22B29F}"
EndProject
Project("{6EC3EE1D-3C4E-46DD-8F32-0CC8E7565705}") = "SPbU-hometask.Tests", "tests\SPbU-hometask.Tests\SPbU-hometask.Tests.fsproj", "{1CA2E092-2320-451D-A4F0-9ED7C7C528CA}"
EndProject
Project("{6EC3EE1D-3C4E-46DD-8F32-0CC8E7565705}") = "Homework3", "src\Homework3\Homework3.fsproj", "{96C7D650-06B5-4014-9BEE-FB25B27556F4}"
EndProject
Project("{6EC3EE1D-3C4E-46DD-8F32-0CC8E7565705}") = "hw3Tests", "tests\hw3Tests\hw3Tests.fsproj", "{4E2A060E-2956-471D-9394-CAC7C32D55F8}"
EndProject
Project("{6EC3EE1D-3C4E-46DD-8F32-0CC8E7565705}") = "Homework4", "src\Homework4\Homework4.fsproj", "{6CC47E90-E010-4BFC-9A6E-6F8BAE2998CB}"
EndProject
Project("{6EC3EE1D-3C4E-46DD-8F32-0CC8E7565705}") = "hw4Tests", "tests\hw4Tests\hw4Tests.fsproj", "{B39C3298-0F26-472C-82F6-CE2AB7CE9DE6}"
EndProject
Project("{6EC3EE1D-3C4E-46DD-8F32-0CC8E7565705}") = "Homework6", "src\Homework6\Homework6\Homework6.fsproj", "{E280F2C6-5595-47B9-91C4-32D9C67F6B46}"
EndProject
Project("{6EC3EE1D-3C4E-46DD-8F32-0CC8E7565705}") = "hw6Tests", "tests\hw6Tests\hw6Tests.fsproj", "{325FAB73-6246-4577-B0D2-241F5A2793EB}"
EndProject
Project("{6EC3EE1D-3C4E-46DD-8F32-0CC8E7565705}") = "Homework7", "Homework7\Homework7.fsproj", "{ABB4F394-9D14-4BA8-BF02-8FB833011536}"
EndProject
Project("{6EC3EE1D-3C4E-46DD-8F32-0CC8E7565705}") = "hw7Tests", "tests\hw7Tests\hw7Tests.fsproj", "{12CFAF96-EAA0-460F-A804-3320C9310388}"
EndProject
Global
	GlobalSection(SolutionConfigurationPlatforms) = preSolution
		Debug|Any CPU = Debug|Any CPU
		Debug|x64 = Debug|x64
		Debug|x86 = Debug|x86
		Release|Any CPU = Release|Any CPU
		Release|x64 = Release|x64
		Release|x86 = Release|x86
	EndGlobalSection
	GlobalSection(ProjectConfigurationPlatforms) = postSolution
		{5D30E174-2538-47AC-8443-318C8C5DC2C9}.Debug|Any CPU.ActiveCfg = Debug|Any CPU
		{5D30E174-2538-47AC-8443-318C8C5DC2C9}.Debug|Any CPU.Build.0 = Debug|Any CPU
		{5D30E174-2538-47AC-8443-318C8C5DC2C9}.Debug|x64.ActiveCfg = Debug|x64
		{5D30E174-2538-47AC-8443-318C8C5DC2C9}.Debug|x64.Build.0 = Debug|x64
		{5D30E174-2538-47AC-8443-318C8C5DC2C9}.Debug|x86.ActiveCfg = Debug|x86
		{5D30E174-2538-47AC-8443-318C8C5DC2C9}.Debug|x86.Build.0 = Debug|x86
		{5D30E174-2538-47AC-8443-318C8C5DC2C9}.Release|Any CPU.ActiveCfg = Release|Any CPU
		{5D30E174-2538-47AC-8443-318C8C5DC2C9}.Release|Any CPU.Build.0 = Release|Any CPU
		{5D30E174-2538-47AC-8443-318C8C5DC2C9}.Release|x64.ActiveCfg = Release|x64
		{5D30E174-2538-47AC-8443-318C8C5DC2C9}.Release|x64.Build.0 = Release|x64
		{5D30E174-2538-47AC-8443-318C8C5DC2C9}.Release|x86.ActiveCfg = Release|x86
		{5D30E174-2538-47AC-8443-318C8C5DC2C9}.Release|x86.Build.0 = Release|x86
		{1CA2E092-2320-451D-A4F0-9ED7C7C528CA}.Debug|Any CPU.ActiveCfg = Debug|Any CPU
		{1CA2E092-2320-451D-A4F0-9ED7C7C528CA}.Debug|Any CPU.Build.0 = Debug|Any CPU
		{1CA2E092-2320-451D-A4F0-9ED7C7C528CA}.Debug|x64.ActiveCfg = Debug|x64
		{1CA2E092-2320-451D-A4F0-9ED7C7C528CA}.Debug|x64.Build.0 = Debug|x64
		{1CA2E092-2320-451D-A4F0-9ED7C7C528CA}.Debug|x86.ActiveCfg = Debug|x86
		{1CA2E092-2320-451D-A4F0-9ED7C7C528CA}.Debug|x86.Build.0 = Debug|x86
		{1CA2E092-2320-451D-A4F0-9ED7C7C528CA}.Release|Any CPU.ActiveCfg = Release|Any CPU
		{1CA2E092-2320-451D-A4F0-9ED7C7C528CA}.Release|Any CPU.Build.0 = Release|Any CPU
		{1CA2E092-2320-451D-A4F0-9ED7C7C528CA}.Release|x64.ActiveCfg = Release|x64
		{1CA2E092-2320-451D-A4F0-9ED7C7C528CA}.Release|x64.Build.0 = Release|x64
		{1CA2E092-2320-451D-A4F0-9ED7C7C528CA}.Release|x86.ActiveCfg = Release|x86
		{1CA2E092-2320-451D-A4F0-9ED7C7C528CA}.Release|x86.Build.0 = Release|x86
		{96C7D650-06B5-4014-9BEE-FB25B27556F4}.Debug|Any CPU.ActiveCfg = Debug|Any CPU
		{96C7D650-06B5-4014-9BEE-FB25B27556F4}.Debug|Any CPU.Build.0 = Debug|Any CPU
		{96C7D650-06B5-4014-9BEE-FB25B27556F4}.Debug|x64.ActiveCfg = Debug|Any CPU
		{96C7D650-06B5-4014-9BEE-FB25B27556F4}.Debug|x64.Build.0 = Debug|Any CPU
		{96C7D650-06B5-4014-9BEE-FB25B27556F4}.Debug|x86.ActiveCfg = Debug|Any CPU
		{96C7D650-06B5-4014-9BEE-FB25B27556F4}.Debug|x86.Build.0 = Debug|Any CPU
		{96C7D650-06B5-4014-9BEE-FB25B27556F4}.Release|Any CPU.ActiveCfg = Release|Any CPU
		{96C7D650-06B5-4014-9BEE-FB25B27556F4}.Release|Any CPU.Build.0 = Release|Any CPU
		{96C7D650-06B5-4014-9BEE-FB25B27556F4}.Release|x64.ActiveCfg = Release|Any CPU
		{96C7D650-06B5-4014-9BEE-FB25B27556F4}.Release|x64.Build.0 = Release|Any CPU
		{96C7D650-06B5-4014-9BEE-FB25B27556F4}.Release|x86.ActiveCfg = Release|Any CPU
		{96C7D650-06B5-4014-9BEE-FB25B27556F4}.Release|x86.Build.0 = Release|Any CPU
		{4E2A060E-2956-471D-9394-CAC7C32D55F8}.Debug|Any CPU.ActiveCfg = Debug|Any CPU
		{4E2A060E-2956-471D-9394-CAC7C32D55F8}.Debug|Any CPU.Build.0 = Debug|Any CPU
		{4E2A060E-2956-471D-9394-CAC7C32D55F8}.Debug|x64.ActiveCfg = Debug|Any CPU
		{4E2A060E-2956-471D-9394-CAC7C32D55F8}.Debug|x64.Build.0 = Debug|Any CPU
		{4E2A060E-2956-471D-9394-CAC7C32D55F8}.Debug|x86.ActiveCfg = Debug|Any CPU
		{4E2A060E-2956-471D-9394-CAC7C32D55F8}.Debug|x86.Build.0 = Debug|Any CPU
		{4E2A060E-2956-471D-9394-CAC7C32D55F8}.Release|Any CPU.ActiveCfg = Release|Any CPU
		{4E2A060E-2956-471D-9394-CAC7C32D55F8}.Release|Any CPU.Build.0 = Release|Any CPU
		{4E2A060E-2956-471D-9394-CAC7C32D55F8}.Release|x64.ActiveCfg = Release|Any CPU
		{4E2A060E-2956-471D-9394-CAC7C32D55F8}.Release|x64.Build.0 = Release|Any CPU
		{4E2A060E-2956-471D-9394-CAC7C32D55F8}.Release|x86.ActiveCfg = Release|Any CPU
		{4E2A060E-2956-471D-9394-CAC7C32D55F8}.Release|x86.Build.0 = Release|Any CPU
		{6CC47E90-E010-4BFC-9A6E-6F8BAE2998CB}.Debug|Any CPU.ActiveCfg = Debug|Any CPU
		{6CC47E90-E010-4BFC-9A6E-6F8BAE2998CB}.Debug|Any CPU.Build.0 = Debug|Any CPU
		{6CC47E90-E010-4BFC-9A6E-6F8BAE2998CB}.Debug|x64.ActiveCfg = Debug|Any CPU
		{6CC47E90-E010-4BFC-9A6E-6F8BAE2998CB}.Debug|x64.Build.0 = Debug|Any CPU
		{6CC47E90-E010-4BFC-9A6E-6F8BAE2998CB}.Debug|x86.ActiveCfg = Debug|Any CPU
		{6CC47E90-E010-4BFC-9A6E-6F8BAE2998CB}.Debug|x86.Build.0 = Debug|Any CPU
		{6CC47E90-E010-4BFC-9A6E-6F8BAE2998CB}.Release|Any CPU.ActiveCfg = Release|Any CPU
		{6CC47E90-E010-4BFC-9A6E-6F8BAE2998CB}.Release|Any CPU.Build.0 = Release|Any CPU
		{6CC47E90-E010-4BFC-9A6E-6F8BAE2998CB}.Release|x64.ActiveCfg = Release|Any CPU
		{6CC47E90-E010-4BFC-9A6E-6F8BAE2998CB}.Release|x64.Build.0 = Release|Any CPU
		{6CC47E90-E010-4BFC-9A6E-6F8BAE2998CB}.Release|x86.ActiveCfg = Release|Any CPU
		{6CC47E90-E010-4BFC-9A6E-6F8BAE2998CB}.Release|x86.Build.0 = Release|Any CPU
		{B39C3298-0F26-472C-82F6-CE2AB7CE9DE6}.Debug|Any CPU.ActiveCfg = Debug|Any CPU
		{B39C3298-0F26-472C-82F6-CE2AB7CE9DE6}.Debug|Any CPU.Build.0 = Debug|Any CPU
		{B39C3298-0F26-472C-82F6-CE2AB7CE9DE6}.Debug|x64.ActiveCfg = Debug|Any CPU
		{B39C3298-0F26-472C-82F6-CE2AB7CE9DE6}.Debug|x64.Build.0 = Debug|Any CPU
		{B39C3298-0F26-472C-82F6-CE2AB7CE9DE6}.Debug|x86.ActiveCfg = Debug|Any CPU
		{B39C3298-0F26-472C-82F6-CE2AB7CE9DE6}.Debug|x86.Build.0 = Debug|Any CPU
		{B39C3298-0F26-472C-82F6-CE2AB7CE9DE6}.Release|Any CPU.ActiveCfg = Release|Any CPU
		{B39C3298-0F26-472C-82F6-CE2AB7CE9DE6}.Release|Any CPU.Build.0 = Release|Any CPU
		{B39C3298-0F26-472C-82F6-CE2AB7CE9DE6}.Release|x64.ActiveCfg = Release|Any CPU
		{B39C3298-0F26-472C-82F6-CE2AB7CE9DE6}.Release|x64.Build.0 = Release|Any CPU
		{B39C3298-0F26-472C-82F6-CE2AB7CE9DE6}.Release|x86.ActiveCfg = Release|Any CPU
		{B39C3298-0F26-472C-82F6-CE2AB7CE9DE6}.Release|x86.Build.0 = Release|Any CPU
		{E280F2C6-5595-47B9-91C4-32D9C67F6B46}.Debug|Any CPU.ActiveCfg = Debug|Any CPU
		{E280F2C6-5595-47B9-91C4-32D9C67F6B46}.Debug|Any CPU.Build.0 = Debug|Any CPU
		{E280F2C6-5595-47B9-91C4-32D9C67F6B46}.Debug|x64.ActiveCfg = Debug|Any CPU
		{E280F2C6-5595-47B9-91C4-32D9C67F6B46}.Debug|x64.Build.0 = Debug|Any CPU
		{E280F2C6-5595-47B9-91C4-32D9C67F6B46}.Debug|x86.ActiveCfg = Debug|Any CPU
		{E280F2C6-5595-47B9-91C4-32D9C67F6B46}.Debug|x86.Build.0 = Debug|Any CPU
		{E280F2C6-5595-47B9-91C4-32D9C67F6B46}.Release|Any CPU.ActiveCfg = Release|Any CPU
		{E280F2C6-5595-47B9-91C4-32D9C67F6B46}.Release|Any CPU.Build.0 = Release|Any CPU
		{E280F2C6-5595-47B9-91C4-32D9C67F6B46}.Release|x64.ActiveCfg = Release|Any CPU
		{E280F2C6-5595-47B9-91C4-32D9C67F6B46}.Release|x64.Build.0 = Release|Any CPU
		{E280F2C6-5595-47B9-91C4-32D9C67F6B46}.Release|x86.ActiveCfg = Release|Any CPU
		{E280F2C6-5595-47B9-91C4-32D9C67F6B46}.Release|x86.Build.0 = Release|Any CPU
		{325FAB73-6246-4577-B0D2-241F5A2793EB}.Debug|Any CPU.ActiveCfg = Debug|Any CPU
		{325FAB73-6246-4577-B0D2-241F5A2793EB}.Debug|Any CPU.Build.0 = Debug|Any CPU
		{325FAB73-6246-4577-B0D2-241F5A2793EB}.Debug|x64.ActiveCfg = Debug|Any CPU
		{325FAB73-6246-4577-B0D2-241F5A2793EB}.Debug|x64.Build.0 = Debug|Any CPU
		{325FAB73-6246-4577-B0D2-241F5A2793EB}.Debug|x86.ActiveCfg = Debug|Any CPU
		{325FAB73-6246-4577-B0D2-241F5A2793EB}.Debug|x86.Build.0 = Debug|Any CPU
		{325FAB73-6246-4577-B0D2-241F5A2793EB}.Release|Any CPU.ActiveCfg = Release|Any CPU
		{325FAB73-6246-4577-B0D2-241F5A2793EB}.Release|Any CPU.Build.0 = Release|Any CPU
		{325FAB73-6246-4577-B0D2-241F5A2793EB}.Release|x64.ActiveCfg = Release|Any CPU
		{325FAB73-6246-4577-B0D2-241F5A2793EB}.Release|x64.Build.0 = Release|Any CPU
		{325FAB73-6246-4577-B0D2-241F5A2793EB}.Release|x86.ActiveCfg = Release|Any CPU
		{325FAB73-6246-4577-B0D2-241F5A2793EB}.Release|x86.Build.0 = Release|Any CPU
		{ABB4F394-9D14-4BA8-BF02-8FB833011536}.Debug|Any CPU.ActiveCfg = Debug|Any CPU
		{ABB4F394-9D14-4BA8-BF02-8FB833011536}.Debug|Any CPU.Build.0 = Debug|Any CPU
		{ABB4F394-9D14-4BA8-BF02-8FB833011536}.Debug|x64.ActiveCfg = Debug|Any CPU
		{ABB4F394-9D14-4BA8-BF02-8FB833011536}.Debug|x64.Build.0 = Debug|Any CPU
		{ABB4F394-9D14-4BA8-BF02-8FB833011536}.Debug|x86.ActiveCfg = Debug|Any CPU
		{ABB4F394-9D14-4BA8-BF02-8FB833011536}.Debug|x86.Build.0 = Debug|Any CPU
		{ABB4F394-9D14-4BA8-BF02-8FB833011536}.Release|Any CPU.ActiveCfg = Release|Any CPU
		{ABB4F394-9D14-4BA8-BF02-8FB833011536}.Release|Any CPU.Build.0 = Release|Any CPU
		{ABB4F394-9D14-4BA8-BF02-8FB833011536}.Release|x64.ActiveCfg = Release|Any CPU
		{ABB4F394-9D14-4BA8-BF02-8FB833011536}.Release|x64.Build.0 = Release|Any CPU
		{ABB4F394-9D14-4BA8-BF02-8FB833011536}.Release|x86.ActiveCfg = Release|Any CPU
		{ABB4F394-9D14-4BA8-BF02-8FB833011536}.Release|x86.Build.0 = Release|Any CPU
		{12CFAF96-EAA0-460F-A804-3320C9310388}.Debug|Any CPU.ActiveCfg = Debug|Any CPU
		{12CFAF96-EAA0-460F-A804-3320C9310388}.Debug|Any CPU.Build.0 = Debug|Any CPU
		{12CFAF96-EAA0-460F-A804-3320C9310388}.Debug|x64.ActiveCfg = Debug|Any CPU
		{12CFAF96-EAA0-460F-A804-3320C9310388}.Debug|x64.Build.0 = Debug|Any CPU
		{12CFAF96-EAA0-460F-A804-3320C9310388}.Debug|x86.ActiveCfg = Debug|Any CPU
		{12CFAF96-EAA0-460F-A804-3320C9310388}.Debug|x86.Build.0 = Debug|Any CPU
		{12CFAF96-EAA0-460F-A804-3320C9310388}.Release|Any CPU.ActiveCfg = Release|Any CPU
		{12CFAF96-EAA0-460F-A804-3320C9310388}.Release|Any CPU.Build.0 = Release|Any CPU
		{12CFAF96-EAA0-460F-A804-3320C9310388}.Release|x64.ActiveCfg = Release|Any CPU
		{12CFAF96-EAA0-460F-A804-3320C9310388}.Release|x64.Build.0 = Release|Any CPU
		{12CFAF96-EAA0-460F-A804-3320C9310388}.Release|x86.ActiveCfg = Release|Any CPU
		{12CFAF96-EAA0-460F-A804-3320C9310388}.Release|x86.Build.0 = Release|Any CPU
	EndGlobalSection
	GlobalSection(SolutionProperties) = preSolution
		HideSolutionNode = FALSE
	EndGlobalSection
	GlobalSection(NestedProjects) = preSolution
		{5D30E174-2538-47AC-8443-318C8C5DC2C9} = {C397A34C-84F1-49E7-AEBC-2F9F2B196216}
		{1CA2E092-2320-451D-A4F0-9ED7C7C528CA} = {ACBEE43C-7A88-4FB1-9B06-DB064D22B29F}
		{96C7D650-06B5-4014-9BEE-FB25B27556F4} = {C397A34C-84F1-49E7-AEBC-2F9F2B196216}
		{4E2A060E-2956-471D-9394-CAC7C32D55F8} = {ACBEE43C-7A88-4FB1-9B06-DB064D22B29F}
		{6CC47E90-E010-4BFC-9A6E-6F8BAE2998CB} = {C397A34C-84F1-49E7-AEBC-2F9F2B196216}
		{B39C3298-0F26-472C-82F6-CE2AB7CE9DE6} = {ACBEE43C-7A88-4FB1-9B06-DB064D22B29F}
		{E280F2C6-5595-47B9-91C4-32D9C67F6B46} = {C397A34C-84F1-49E7-AEBC-2F9F2B196216}
		{325FAB73-6246-4577-B0D2-241F5A2793EB} = {ACBEE43C-7A88-4FB1-9B06-DB064D22B29F}
		{ABB4F394-9D14-4BA8-BF02-8FB833011536} = {C397A34C-84F1-49E7-AEBC-2F9F2B196216}
		{12CFAF96-EAA0-460F-A804-3320C9310388} = {ACBEE43C-7A88-4FB1-9B06-DB064D22B29F}
	EndGlobalSection
	GlobalSection(ExtensibilityGlobals) = postSolution
		SolutionGuid = {C538FF9C-DA84-4CEB-871A-A96771073A85}
	EndGlobalSection
EndGlobal
